{
    "_readme": [
        "This file locks the dependencies of your project to a known state",
        "Read more about it at https://getcomposer.org/doc/01-basic-usage.md#composer-lock-the-lock-file",
        "This file is @generated automatically"
    ],
    "hash": "07e6bfc414d2d87cb24035dc028d050b",
    "packages": [
        {
            "name": "bis-gmbh/onphp",
            "version": "dev-masterNs",
            "source": {
                "type": "git",
                "url": "https://github.com/bis-gmbh/onphp-framework.git",
                "reference": "bb382450c12370186b03efff9cb55a349f42c106"
            },
            "dist": {
                "type": "zip",
                "url": "https://api.github.com/repos/bis-gmbh/onphp-framework/zipball/bb382450c12370186b03efff9cb55a349f42c106",
                "reference": "bb382450c12370186b03efff9cb55a349f42c106",
                "shasum": ""
            },
            "require": {
                "php": ">=5.3.0"
            },
            "conflict": {
                "ext-http": "*"
            },
            "type": "library",
            "autoload": {
                "classmap": [
                    "core/",
                    "main/",
                    "meta/"
                ]
            },
            "license": [
                "GPL-3.0"
            ],
            "authors": [
                {
                    "name": "Konstantin Arkhipov"
                },
                {
                    "name": "Anton Lebedevich"
                }
            ],
            "description": "onPHP is the mature GPL'ed multi-purpose object-oriented PHP framework.",
            "homepage": "https://github.com/bis-gmbh/onphp-framework",
            "keywords": [
                "framework"
            ],
            "support": {
                "source": "https://github.com/bis-gmbh/onphp-framework/tree/masterNs"
            },
            "time": "2015-06-26 09:50:19"
        }
    ],
    "packages-dev": [],
    "aliases": [],
    "minimum-stability": "stable",
    "stability-flags": {
        "bis-gmbh/onphp": 20
    },
    "prefer-stable": false,
    "prefer-lowest": false,
    "platform": {
        "php": ">=5.4.0"
    },
    "platform-dev": []
}
