{
    "_readme": [
        "This file locks the dependencies of your project to a known state",
        "Read more about it at https://getcomposer.org/doc/01-basic-usage.md#composer-lock-the-lock-file",
        "This file is @generated automatically"
    ],
    "hash": "d46f9e42ca9628d304371980dcd55479",
    "packages": [
        {
            "name": "bis-gmbh/onphp",
            "version": "1.0.10.99",
            "source": {
                "type": "git",
                "url": "https://github.com/bis-gmbh/onphp-framework",
                "reference": "d6eac4e849d722606bb679d32c80194627cf3a87"
            },
            "type": "library",
            "autoload": {
                "classmap": [
                    "core/",
                    "main/",
                    "meta/"
                ]
            }
        }
    ],
    "packages-dev": [],
    "aliases": [],
    "minimum-stability": "dev",
    "stability-flags": [],
    "prefer-stable": false,
    "prefer-lowest": false,
    "platform": {
        "php": ">=5.4.0"
    },
    "platform-dev": []
}
